
Microsoft Visual Studio Solution File, Format Version 12.00
# Visual Studio Version 17
VisualStudioVersion = 17.13.35919.96 d17.13
MinimumVisualStudioVersion = 10.0.40219.1
Project("{FAE04EC0-301F-11D3-BF4B-00C04F79EFBC}") = "ResumeCreatorBackend", "ResumeCreatorBackend\ResumeCreatorBackend.csproj", "{A828C6EA-AADB-4F1B-B6B8-B261A6F7852D}"
EndProject
Global
	GlobalSection(SolutionConfigurationPlatforms) = preSolution
		Debug|Any CPU = Debug|Any CPU
		Release|Any CPU = Release|Any CPU
	EndGlobalSection
	GlobalSection(ProjectConfigurationPlatforms) = postSolution
		{A828C6EA-AADB-4F1B-B6B8-B261A6F7852D}.Debug|Any CPU.ActiveCfg = Debug|Any CPU
		{A828C6EA-AADB-4F1B-B6B8-B261A6F7852D}.Debug|Any CPU.Build.0 = Debug|Any CPU
		{A828C6EA-AADB-4F1B-B6B8-B261A6F7852D}.Release|Any CPU.ActiveCfg = Release|Any CPU
		{A828C6EA-AADB-4F1B-B6B8-B261A6F7852D}.Release|Any CPU.Build.0 = Release|Any CPU
	EndGlobalSection
	GlobalSection(SolutionProperties) = preSolution
		HideSolutionNode = FALSE
	EndGlobalSection
	GlobalSection(ExtensibilityGlobals) = postSolution
		SolutionGuid = {06267A18-86FA-4F24-A37B-FAF8E287751A}
	EndGlobalSection
EndGlobal
